
Microsoft Visual Studio Solution File, Format Version 12.00
# Visual Studio Version 17
VisualStudioVersion = 17.5.33424.131
MinimumVisualStudioVersion = 10.0.40219.1
Project("{FAE04EC0-301F-11D3-BF4B-00C04F79EFBC}") = "MVC_introViewBag_ViewData_TempData_Front to back", "MVC_introViewBag_ViewData_TempData_Front to back.csproj", "{789669AB-BA91-40C2-AC80-0C032FA25A97}"
EndProject
Global
	GlobalSection(SolutionConfigurationPlatforms) = preSolution
		Debug|Any CPU = Debug|Any CPU
		Release|Any CPU = Release|Any CPU
	EndGlobalSection
	GlobalSection(ProjectConfigurationPlatforms) = postSolution
		{789669AB-BA91-40C2-AC80-0C032FA25A97}.Debug|Any CPU.ActiveCfg = Debug|Any CPU
		{789669AB-BA91-40C2-AC80-0C032FA25A97}.Debug|Any CPU.Build.0 = Debug|Any CPU
		{789669AB-BA91-40C2-AC80-0C032FA25A97}.Release|Any CPU.ActiveCfg = Release|Any CPU
		{789669AB-BA91-40C2-AC80-0C032FA25A97}.Release|Any CPU.Build.0 = Release|Any CPU
	EndGlobalSection
	GlobalSection(SolutionProperties) = preSolution
		HideSolutionNode = FALSE
	EndGlobalSection
	GlobalSection(ExtensibilityGlobals) = postSolution
		SolutionGuid = {CEF0FF4A-8D21-4BC2-BAC8-E1ED442CD485}
	EndGlobalSection
EndGlobal
